{
  "name": "ruff-config-silverwind",
  "version": "1.0.5",
  "lockfileVersion": 3,
  "requires": true,
  "packages": {
    "": {
      "name": "ruff-config-silverwind",
      "version": "1.0.5",
      "license": "BSD-2-Clause",
      "devDependencies": {
        "updates": "16.9.1",
        "versions": "14.0.2"
      }
    },
    "node_modules/updates": {
      "version": "16.9.1",
      "resolved": "https://registry.npmjs.org/updates/-/updates-16.9.1.tgz",
      "integrity": "sha512-Ct2VXiFLPG6ArPnL0Bd5KIOXjH/V26NYv84cgVZegkVBO96x58x8wG4KqxM2449YaHhgsWiM76jnTNz14pRalQ==",
      "dev": true,
      "license": "BSD-2-Clause",
      "bin": {
        "updates": "dist/index.js"
      },
      "engines": {
        "node": ">=20"
      }
    },
    "node_modules/versions": {
      "version": "14.0.2",
      "resolved": "https://registry.npmjs.org/versions/-/versions-14.0.2.tgz",
      "integrity": "sha512-wKe02789wDZPkEjPWq6AACLBjfOnLwL+u4cZUHp3ilRsntk9HdiOZLtBdUykIERUvsrx2M35ExhJghYE8Ysk6Q==",
      "dev": true,
      "license": "BSD-2-Clause",
      "bin": {
        "versions": "dist/index.js"
      },
      "engines": {
        "node": ">=22"
      }
    }
  }
}
