{
  "name": "ruff-config-silverwind",
  "version": "1.1.0",
  "lockfileVersion": 3,
  "requires": true,
  "packages": {
    "": {
      "name": "ruff-config-silverwind",
      "version": "1.1.0",
      "license": "BSD-2-Clause",
      "devDependencies": {
        "updates": "17.0.8",
        "versions": "14.0.3"
      }
    },
    "node_modules/updates": {
      "version": "17.0.8",
      "resolved": "https://registry.npmjs.org/updates/-/updates-17.0.8.tgz",
      "integrity": "sha512-K5z2Dgni1V2JUllUC0AvIxL1E31rn1ZTU1bvZyTwvxLeAcLmhC0RZyWOrUcJJvlFBxFgxLz5cqTnbFXTEYdIjA==",
      "dev": true,
      "license": "BSD-2-Clause",
      "bin": {
        "updates": "dist/index.js"
      },
      "engines": {
        "node": ">=22"
      }
    },
    "node_modules/versions": {
      "version": "14.0.3",
      "resolved": "https://registry.npmjs.org/versions/-/versions-14.0.3.tgz",
      "integrity": "sha512-kCXaNSh8OhbmD55s+NnXvvT2qZ1QczQQNgyJHRzPkJwmN35h4pTgGB/PEpqdV1krKN9BOvfTM2pQyqz3F2zOmA==",
      "dev": true,
      "license": "BSD-2-Clause",
      "bin": {
        "versions": "dist/index.js"
      },
      "engines": {
        "node": ">=22"
      }
    }
  }
}
