lockfileVersion: '9.0'

settings:
  autoInstallPeers: true
  excludeLinksFromLockfile: false

importers:

  .:
    devDependencies:
      updates:
        specifier: 17.15.2
        version: 17.15.2
      updates-config-silverwind:
        specifier: 2.1.0
        version: 2.1.0(prettier@3.8.2)
      versions:
        specifier: 14.3.1
        version: 14.3.1

packages:

  prettier@3.8.2:
    resolution: {integrity: sha512-8c3mgTe0ASwWAJK+78dpviD+A8EqhndQPUBpNUIPt6+xWlIigCwfN01lWr9MAede4uqXGTEKeQWTvzb3vjia0Q==}
    engines: {node: '>=14'}
    hasBin: true

  updates-config-silverwind@2.1.0:
    resolution: {integrity: sha512-PvtBYRAGWQYCFSnc/FzfGwkV8INcCbRoCPiEz79MgcRq574N3eEES7T11AdM0SxmxwDeIbQWdvKVo1JJxCJolA==}
    engines: {node: '>=20'}
    peerDependencies:
      prettier: '*'

  updates@17.15.2:
    resolution: {integrity: sha512-hL8i3O5xAZoZdYT3M0YENt9Ykyhl1+d8gJpMuxE+YHKXSX6amahzilaup1yUo5Eeijw18bz5ev52b3p4rjQjJQ==}
    engines: {node: '>=22'}
    hasBin: true

  versions@14.3.1:
    resolution: {integrity: sha512-goCSxgrE0dWs1lOBgvdfQEaSYHlY9ogHofsAZ9KLTp10uvkm/TlZY4/I7cl2/n80tmZFSCcnhfhlE+9CEuTrcg==}
    engines: {node: '>=22'}
    hasBin: true

snapshots:

  prettier@3.8.2: {}

  updates-config-silverwind@2.1.0(prettier@3.8.2):
    dependencies:
      prettier: 3.8.2

  updates@17.15.2: {}

  versions@14.3.1: {}
