lockfileVersion: '9.0'

settings:
  autoInstallPeers: true
  excludeLinksFromLockfile: false

importers:

  .:
    devDependencies:
      jest-extended:
        specifier: 7.0.0
        version: 7.0.0(typescript@6.0.2)
      updates:
        specifier: 17.15.2
        version: 17.15.2
      updates-config-silverwind:
        specifier: 2.1.0
        version: 2.1.0(prettier@3.8.2)
      versions:
        specifier: 15.0.0
        version: 15.0.0

packages:

  '@jest/diff-sequences@30.3.0':
    resolution: {integrity: sha512-cG51MVnLq1ecVUaQ3fr6YuuAOitHK1S4WUJHnsPFE/quQr33ADUx1FfrTCpMCRxvy0Yr9BThKpDjSlcTi91tMA==}
    engines: {node: ^18.14.0 || ^20.0.0 || ^22.0.0 || >=24.0.0}

  '@jest/get-type@30.1.0':
    resolution: {integrity: sha512-eMbZE2hUnx1WV0pmURZY9XoXPkUYjpc55mb0CrhtdWLtzMQPFvu/rZkTLZFTsdaVQa+Tr4eWAteqcUzoawq/uA==}
    engines: {node: ^18.14.0 || ^20.0.0 || ^22.0.0 || >=24.0.0}

  '@jest/schemas@30.0.5':
    resolution: {integrity: sha512-DmdYgtezMkh3cpU8/1uyXakv3tJRcmcXxBOcO0tbaozPwpmh4YMsnWrQm9ZmZMfa5ocbxzbFk6O4bDPEc/iAnA==}
    engines: {node: ^18.14.0 || ^20.0.0 || ^22.0.0 || >=24.0.0}

  '@sinclair/typebox@0.34.49':
    resolution: {integrity: sha512-brySQQs7Jtn0joV8Xh9ZV/hZb9Ozb0pmazDIASBkYKCjXrXU3mpcFahmK/z4YDhGkQvP9mWJbVyahdtU5wQA+A==}

  ansi-styles@4.3.0:
    resolution: {integrity: sha512-zbB9rCJAT1rbjiVDb2hqKFHNYLxgtk8NURxZ3IZwD3F6NtxbXZQCnnSi1Lkx+IDohdPlFp222wVALIheZJQSEg==}
    engines: {node: '>=8'}

  ansi-styles@5.2.0:
    resolution: {integrity: sha512-Cxwpt2SfTzTtXcfOlzGEee8O+c+MmUgGrNiBcXnuWxuFJHe6a5Hz7qwhwe5OgaSYI0IJvkLqWX1ASG+cJOkEiA==}
    engines: {node: '>=10'}

  chalk@4.1.2:
    resolution: {integrity: sha512-oKnbhFyRIXpUuez8iBMmyEa4nbj4IOQyuhc/wy9kY7/WVPcwIO9VA668Pu8RkO7+0G76SLROeyw9CpQ061i4mA==}
    engines: {node: '>=10'}

  color-convert@2.0.1:
    resolution: {integrity: sha512-RRECPsj7iu/xb5oKYcsFHSppFNnsj/52OVTRKb4zP5onXwVF3zVmmToNcOfGC+CRDpfK/U584fMg38ZHCaElKQ==}
    engines: {node: '>=7.0.0'}

  color-name@1.1.4:
    resolution: {integrity: sha512-dOy+3AuW3a2wNbZHIuMZpTcgjGuLU/uBL/ubcZF9OXbDo8ff4O8yVp5Bf0efS8uEoYo5q4Fx7dY9OgQGXgAsQA==}

  has-flag@4.0.0:
    resolution: {integrity: sha512-EykJT/Q1KjTWctppgIAgfSO0tKVuZUjhgMr17kqTumMl6Afv3EISleU7qZUzoXDFTAHTDC4NOoG/ZxU3EvlMPQ==}
    engines: {node: '>=8'}

  jest-diff@30.3.0:
    resolution: {integrity: sha512-n3q4PDQjS4LrKxfWB3Z5KNk1XjXtZTBwQp71OP0Jo03Z6V60x++K5L8k6ZrW8MY8pOFylZvHM0zsjS1RqlHJZQ==}
    engines: {node: ^18.14.0 || ^20.0.0 || ^22.0.0 || >=24.0.0}

  jest-extended@7.0.0:
    resolution: {integrity: sha512-96jBsVJDxZKFh+kWY7E18Is2usUsUYtBn97MxCtb4COnbgD4aE1h+P0fdFQNeJaI6KOeduas4Numc9yTuk0+Gw==}
    engines: {node: ^20.9.0 || ^22.11.0 || ^24.11.0 || >=25.0.0}
    peerDependencies:
      jest: '>=27.2.5'
      typescript: '>=5.0.0'
    peerDependenciesMeta:
      jest:
        optional: true

  prettier@3.8.2:
    resolution: {integrity: sha512-8c3mgTe0ASwWAJK+78dpviD+A8EqhndQPUBpNUIPt6+xWlIigCwfN01lWr9MAede4uqXGTEKeQWTvzb3vjia0Q==}
    engines: {node: '>=14'}
    hasBin: true

  pretty-format@30.3.0:
    resolution: {integrity: sha512-oG4T3wCbfeuvljnyAzhBvpN45E8iOTXCU/TD3zXW80HA3dQ4ahdqMkWGiPWZvjpQwlbyHrPTWUAqUzGzv4l1JQ==}
    engines: {node: ^18.14.0 || ^20.0.0 || ^22.0.0 || >=24.0.0}

  react-is@18.3.1:
    resolution: {integrity: sha512-/LLMVyas0ljjAtoYiPqYiL8VWXzUUdThrmU5+n20DZv+a+ClRoevUzw5JxU+Ieh5/c87ytoTBV9G1FiKfNJdmg==}

  supports-color@7.2.0:
    resolution: {integrity: sha512-qpCAvRl9stuOHveKsn7HncJRvv501qIacKzQlO/+Lwxc9+0q2wLyv4Dfvt80/DPn2pqOBsJdDiogXGR9+OvwRw==}
    engines: {node: '>=8'}

  typescript@6.0.2:
    resolution: {integrity: sha512-bGdAIrZ0wiGDo5l8c++HWtbaNCWTS4UTv7RaTH/ThVIgjkveJt83m74bBHMJkuCbslY8ixgLBVZJIOiQlQTjfQ==}
    engines: {node: '>=14.17'}
    hasBin: true

  updates-config-silverwind@2.1.0:
    resolution: {integrity: sha512-PvtBYRAGWQYCFSnc/FzfGwkV8INcCbRoCPiEz79MgcRq574N3eEES7T11AdM0SxmxwDeIbQWdvKVo1JJxCJolA==}
    engines: {node: '>=20'}
    peerDependencies:
      prettier: '*'

  updates@17.15.2:
    resolution: {integrity: sha512-hL8i3O5xAZoZdYT3M0YENt9Ykyhl1+d8gJpMuxE+YHKXSX6amahzilaup1yUo5Eeijw18bz5ev52b3p4rjQjJQ==}
    engines: {node: '>=22'}
    hasBin: true

  versions@15.0.0:
    resolution: {integrity: sha512-y+RVJFGDWqso8TfohGZGBqouZ0gF7LlB38b7r1Yq3nAKpmDfeWrVpbrqvqbiNPRm6rPTcVXg3BwjV3EQC+EP3Q==}
    engines: {node: '>=22'}
    hasBin: true

snapshots:

  '@jest/diff-sequences@30.3.0': {}

  '@jest/get-type@30.1.0': {}

  '@jest/schemas@30.0.5':
    dependencies:
      '@sinclair/typebox': 0.34.49

  '@sinclair/typebox@0.34.49': {}

  ansi-styles@4.3.0:
    dependencies:
      color-convert: 2.0.1

  ansi-styles@5.2.0: {}

  chalk@4.1.2:
    dependencies:
      ansi-styles: 4.3.0
      supports-color: 7.2.0

  color-convert@2.0.1:
    dependencies:
      color-name: 1.1.4

  color-name@1.1.4: {}

  has-flag@4.0.0: {}

  jest-diff@30.3.0:
    dependencies:
      '@jest/diff-sequences': 30.3.0
      '@jest/get-type': 30.1.0
      chalk: 4.1.2
      pretty-format: 30.3.0

  jest-extended@7.0.0(typescript@6.0.2):
    dependencies:
      jest-diff: 30.3.0
      typescript: 6.0.2

  prettier@3.8.2: {}

  pretty-format@30.3.0:
    dependencies:
      '@jest/schemas': 30.0.5
      ansi-styles: 5.2.0
      react-is: 18.3.1

  react-is@18.3.1: {}

  supports-color@7.2.0:
    dependencies:
      has-flag: 4.0.0

  typescript@6.0.2: {}

  updates-config-silverwind@2.1.0(prettier@3.8.2):
    dependencies:
      prettier: 3.8.2

  updates@17.15.2: {}

  versions@15.0.0: {}
