lockfileVersion: '9.0'

settings:
  autoInstallPeers: true
  excludeLinksFromLockfile: false

importers:

  .:
    devDependencies:
      updates:
        specifier: 17.9.1
        version: 17.9.1
      updates-config-silverwind:
        specifier: 1.0.4
        version: 1.0.4(prettier@3.8.1)
      versions:
        specifier: 14.3.1
        version: 14.3.1

packages:

  prettier@3.8.1:
    resolution: {integrity: sha512-UOnG6LftzbdaHZcKoPFtOcCKztrQ57WkHDeRD9t/PTQtmT0NHSeWWepj6pS0z/N7+08BHFDQVUrfmfMRcZwbMg==}
    engines: {node: '>=14'}
    hasBin: true

  updates-config-silverwind@1.0.4:
    resolution: {integrity: sha512-NU9XTdmH37eArgtVkd4Blsxpnx5K9bjSbsw5PyYGn0C6D7wvrzz0TFMyOg+S9mPErYb3dHQ7V3DnwOzaDigpYA==}
    engines: {node: '>=20'}
    peerDependencies:
      prettier: '*'

  updates@17.9.1:
    resolution: {integrity: sha512-Og7R/myJy4+USffAoXvBJJDOW4dXrfPI2qAh56NL85nUx3iBYe8u4AkiBAoua4xH06OGQY3MhkBtAg7QtY/ZUA==}
    engines: {node: '>=22'}
    hasBin: true

  versions@14.3.1:
    resolution: {integrity: sha512-goCSxgrE0dWs1lOBgvdfQEaSYHlY9ogHofsAZ9KLTp10uvkm/TlZY4/I7cl2/n80tmZFSCcnhfhlE+9CEuTrcg==}
    engines: {node: '>=22'}
    hasBin: true

snapshots:

  prettier@3.8.1: {}

  updates-config-silverwind@1.0.4(prettier@3.8.1):
    dependencies:
      prettier: 3.8.1

  updates@17.9.1: {}

  versions@14.3.1: {}
