version = 1
revision = 3
requires-python = ">=3.11"

[[package]]
name = "ruff-config-silverwind"
version = "0.0.0"
source = { virtual = "." }

[package.dev-dependencies]
dev = [
    { name = "tomllint" },
]

[package.metadata]

[package.metadata.requires-dev]
dev = [{ name = "tomllint", specifier = "==0.3.6" }]

[[package]]
name = "tomllint"
version = "0.3.6"
source = { registry = "https://pypi.org/simple" }
sdist = { url = "https://files.pythonhosted.org/packages/0c/7b/e5557c8434153ec351a927498103d220e0f4985fe1e8f3f93a2dab71310f/tomllint-0.3.6.tar.gz", hash = "sha256:7ed5d87862ba133d72a6b9590fe85445d24008c13629e71f05fbbba8693c786b", size = 6763, upload-time = "2026-08-01T05:56:31.765Z" }
wheels = [
    { url = "https://files.pythonhosted.org/packages/5f/ac/6acc186db7d697c14678d5eb511d771082d5ae4f284811927f7d246faeb1/tomllint-0.3.6-py3-none-any.whl", hash = "sha256:76d6d592b4764a25ff3da6f08a2c073d43618ecc98dd3baf198094c7b10db5a1", size = 5740, upload-time = "2026-08-01T05:56:30.815Z" },
]
